// !$*UTF8*$!
{
	archiveVersion = 1;
	classes = {
	};
	objectVersion = 55;
	objects = {

/* Begin PBXBuildFile section */
		79BEC57B4D48941229CF3B22 /* Pods_zhihuDaily.framework in Frameworks */ = {isa = PBXBuildFile; fileRef = D163F7DABA8F5F3123B67C56 /* Pods_zhihuDaily.framework */; };
		B0034957279FD2DF00F6386F /* TopModel.m in Sources */ = {isa = PBXBuildFile; fileRef = B0034956279FD2DF00F6386F /* TopModel.m */; };
		B0034E0427B26BF000F6386F /* BaseViewController.m in Sources */ = {isa = PBXBuildFile; fileRef = B0034E0327B26BF000F6386F /* BaseViewController.m */; };
		B0034E0727B3ACA600F6386F /* BaseScrollView.m in Sources */ = {isa = PBXBuildFile; fileRef = B0034E0627B3ACA600F6386F /* BaseScrollView.m */; };
		B0034E0A27B6933B00F6386F /* LoginViewController.m in Sources */ = {isa = PBXBuildFile; fileRef = B0034E0927B6933B00F6386F /* LoginViewController.m */; };
		B0034E0D27B7A91300F6386F /* NewsViewController.m in Sources */ = {isa = PBXBuildFile; fileRef = B0034E0C27B7A91300F6386F /* NewsViewController.m */; };
		B0034E1327BBF2E500F6386F /* Model2.m in Sources */ = {isa = PBXBuildFile; fileRef = B0034E1227BBF2E500F6386F /* Model2.m */; };
		B0034E1627BBF4AE00F6386F /* TimeModel.m in Sources */ = {isa = PBXBuildFile; fileRef = B0034E1527BBF4AE00F6386F /* TimeModel.m */; };
		B03265E8279BB2F100DE90DE /* HMTableViewCell.m in Sources */ = {isa = PBXBuildFile; fileRef = B03265E7279BB2F100DE90DE /* HMTableViewCell.m */; };
		B04E61AF27993B5E000BC6BA /* AppDelegate.m in Sources */ = {isa = PBXBuildFile; fileRef = B04E61AE27993B5E000BC6BA /* AppDelegate.m */; };
		B04E61B527993B5E000BC6BA /* ViewController.m in Sources */ = {isa = PBXBuildFile; fileRef = B04E61B427993B5E000BC6BA /* ViewController.m */; };
		B04E61B827993B5E000BC6BA /* Main.storyboard in Resources */ = {isa = PBXBuildFile; fileRef = B04E61B627993B5E000BC6BA /* Main.storyboard */; };
		B04E61BA27993B5E000BC6BA /* Assets.xcassets in Resources */ = {isa = PBXBuildFile; fileRef = B04E61B927993B5E000BC6BA /* Assets.xcassets */; };
		B04E61BD27993B5E000BC6BA /* LaunchScreen.storyboard in Resources */ = {isa = PBXBuildFile; fileRef = B04E61BB27993B5E000BC6BA /* LaunchScreen.storyboard */; };
		B04E61C027993B5E000BC6BA /* main.m in Sources */ = {isa = PBXBuildFile; fileRef = B04E61BF27993B5E000BC6BA /* main.m */; };
		B04E61D627993DA6000BC6BA /* Model.m in Sources */ = {isa = PBXBuildFile; fileRef = B04E61D427993DA6000BC6BA /* Model.m */; };
		B04E61DA27993DB2000BC6BA /* HMNetworkTools.m in Sources */ = {isa = PBXBuildFile; fileRef = B04E61D827993DB2000BC6BA /* HMNetworkTools.m */; };
		B086793827C2010A008702FD /* PersonViewController.m in Sources */ = {isa = PBXBuildFile; fileRef = B086793727C2010A008702FD /* PersonViewController.m */; };
		B086794127C344E0008702FD /* MBProgressHUDTool.m in Sources */ = {isa = PBXBuildFile; fileRef = B086794027C344E0008702FD /* MBProgressHUDTool.m */; };
		B086794427C3AA1C008702FD /* ToolBarViewController.m in Sources */ = {isa = PBXBuildFile; fileRef = B086794327C3AA1C008702FD /* ToolBarViewController.m */; };
/* End PBXBuildFile section */

/* Begin PBXFileReference section */
		34CA1ECDA1CDBB9CD7E6C407 /* Pods-zhihuDaily.debug.xcconfig */ = {isa = PBXFileReference; includeInIndex = 1; lastKnownFileType = text.xcconfig; name = "Pods-zhihuDaily.debug.xcconfig"; path = "Target Support Files/Pods-zhihuDaily/Pods-zhihuDaily.debug.xcconfig"; sourceTree = "<group>"; };
		7D7DA57E84982238AC3A316F /* Pods-zhihuDaily.release.xcconfig */ = {isa = PBXFileReference; includeInIndex = 1; lastKnownFileType = text.xcconfig; name = "Pods-zhihuDaily.release.xcconfig"; path = "Target Support Files/Pods-zhihuDaily/Pods-zhihuDaily.release.xcconfig"; sourceTree = "<group>"; };
		B003494F279EFC5000F6386F /* Info.plist */ = {isa = PBXFileReference; fileEncoding = 4; lastKnownFileType = text.plist.xml; path = Info.plist; sourceTree = "<group>"; };
		B0034955279FD2DF00F6386F /* TopModel.h */ = {isa = PBXFileReference; lastKnownFileType = sourcecode.c.h; path = TopModel.h; sourceTree = "<group>"; };
		B0034956279FD2DF00F6386F /* TopModel.m */ = {isa = PBXFileReference; lastKnownFileType = sourcecode.c.objc; path = TopModel.m; sourceTree = "<group>"; };
		B0034E0227B26BF000F6386F /* BaseViewController.h */ = {isa = PBXFileReference; lastKnownFileType = sourcecode.c.h; path = BaseViewController.h; sourceTree = "<group>"; };
		B0034E0327B26BF000F6386F /* BaseViewController.m */ = {isa = PBXFileReference; lastKnownFileType = sourcecode.c.objc; path = BaseViewController.m; sourceTree = "<group>"; };
		B0034E0527B3ACA600F6386F /* BaseScrollView.h */ = {isa = PBXFileReference; lastKnownFileType = sourcecode.c.h; path = BaseScrollView.h; sourceTree = "<group>"; };
		B0034E0627B3ACA600F6386F /* BaseScrollView.m */ = {isa = PBXFileReference; lastKnownFileType = sourcecode.c.objc; path = BaseScrollView.m; sourceTree = "<group>"; };
		B0034E0827B6933B00F6386F /* LoginViewController.h */ = {isa = PBXFileReference; lastKnownFileType = sourcecode.c.h; path = LoginViewController.h; sourceTree = "<group>"; };
		B0034E0927B6933B00F6386F /* LoginViewController.m */ = {isa = PBXFileReference; lastKnownFileType = sourcecode.c.objc; path = LoginViewController.m; sourceTree = "<group>"; };
		B0034E0B27B7A91300F6386F /* NewsViewController.h */ = {isa = PBXFileReference; lastKnownFileType = sourcecode.c.h; path = NewsViewController.h; sourceTree = "<group>"; };
		B0034E0C27B7A91300F6386F /* NewsViewController.m */ = {isa = PBXFileReference; lastKnownFileType = sourcecode.c.objc; path = NewsViewController.m; sourceTree = "<group>"; };
		B0034E1127BBF2E500F6386F /* Model2.h */ = {isa = PBXFileReference; lastKnownFileType = sourcecode.c.h; path = Model2.h; sourceTree = "<group>"; };
		B0034E1227BBF2E500F6386F /* Model2.m */ = {isa = PBXFileReference; lastKnownFileType = sourcecode.c.objc; path = Model2.m; sourceTree = "<group>"; };
		B0034E1427BBF4AE00F6386F /* TimeModel.h */ = {isa = PBXFileReference; lastKnownFileType = sourcecode.c.h; path = TimeModel.h; sourceTree = "<group>"; };
		B0034E1527BBF4AE00F6386F /* TimeModel.m */ = {isa = PBXFileReference; lastKnownFileType = sourcecode.c.objc; path = TimeModel.m; sourceTree = "<group>"; };
		B03265E6279BB2F100DE90DE /* HMTableViewCell.h */ = {isa = PBXFileReference; lastKnownFileType = sourcecode.c.h; path = HMTableViewCell.h; sourceTree = "<group>"; };
		B03265E7279BB2F100DE90DE /* HMTableViewCell.m */ = {isa = PBXFileReference; lastKnownFileType = sourcecode.c.objc; path = HMTableViewCell.m; sourceTree = "<group>"; };
		B04E61AA27993B5E000BC6BA /* zhihuDaily.app */ = {isa = PBXFileReference; explicitFileType = wrapper.application; includeInIndex = 0; path = zhihuDaily.app; sourceTree = BUILT_PRODUCTS_DIR; };
		B04E61AD27993B5E000BC6BA /* AppDelegate.h */ = {isa = PBXFileReference; lastKnownFileType = sourcecode.c.h; path = AppDelegate.h; sourceTree = "<group>"; };
		B04E61AE27993B5E000BC6BA /* AppDelegate.m */ = {isa = PBXFileReference; lastKnownFileType = sourcecode.c.objc; path = AppDelegate.m; sourceTree = "<group>"; };
		B04E61B327993B5E000BC6BA /* ViewController.h */ = {isa = PBXFileReference; lastKnownFileType = sourcecode.c.h; path = ViewController.h; sourceTree = "<group>"; };
		B04E61B427993B5E000BC6BA /* ViewController.m */ = {isa = PBXFileReference; lastKnownFileType = sourcecode.c.objc; path = ViewController.m; sourceTree = "<group>"; };
		B04E61B727993B5E000BC6BA /* Base */ = {isa = PBXFileReference; lastKnownFileType = file.storyboard; name = Base; path = Base.lproj/Main.storyboard; sourceTree = "<group>"; };
		B04E61B927993B5E000BC6BA /* Assets.xcassets */ = {isa = PBXFileReference; lastKnownFileType = folder.assetcatalog; path = Assets.xcassets; sourceTree = "<group>"; };
		B04E61BC27993B5E000BC6BA /* Base */ = {isa = PBXFileReference; lastKnownFileType = file.storyboard; name = Base; path = Base.lproj/LaunchScreen.storyboard; sourceTree = "<group>"; };
		B04E61BF27993B5E000BC6BA /* main.m */ = {isa = PBXFileReference; lastKnownFileType = sourcecode.c.objc; path = main.m; sourceTree = "<group>"; };
		B04E61D427993DA6000BC6BA /* Model.m */ = {isa = PBXFileReference; fileEncoding = 4; lastKnownFileType = sourcecode.c.objc; path = Model.m; sourceTree = "<group>"; };
		B04E61D527993DA6000BC6BA /* Model.h */ = {isa = PBXFileReference; fileEncoding = 4; lastKnownFileType = sourcecode.c.h; path = Model.h; sourceTree = "<group>"; };
		B04E61D827993DB2000BC6BA /* HMNetworkTools.m */ = {isa = PBXFileReference; fileEncoding = 4; lastKnownFileType = sourcecode.c.objc; path = HMNetworkTools.m; sourceTree = "<group>"; };
		B04E61D927993DB2000BC6BA /* HMNetworkTools.h */ = {isa = PBXFileReference; fileEncoding = 4; lastKnownFileType = sourcecode.c.h; path = HMNetworkTools.h; sourceTree = "<group>"; };
		B086793627C2010A008702FD /* PersonViewController.h */ = {isa = PBXFileReference; lastKnownFileType = sourcecode.c.h; path = PersonViewController.h; sourceTree = "<group>"; };
		B086793727C2010A008702FD /* PersonViewController.m */ = {isa = PBXFileReference; lastKnownFileType = sourcecode.c.objc; path = PersonViewController.m; sourceTree = "<group>"; };
		B086793F27C344E0008702FD /* MBProgressHUDTool.h */ = {isa = PBXFileReference; lastKnownFileType = sourcecode.c.h; path = MBProgressHUDTool.h; sourceTree = "<group>"; };
		B086794027C344E0008702FD /* MBProgressHUDTool.m */ = {isa = PBXFileReference; lastKnownFileType = sourcecode.c.objc; path = MBProgressHUDTool.m; sourceTree = "<group>"; };
		B086794227C3AA1C008702FD /* ToolBarViewController.h */ = {isa = PBXFileReference; lastKnownFileType = sourcecode.c.h; path = ToolBarViewController.h; sourceTree = "<group>"; };
		B086794327C3AA1C008702FD /* ToolBarViewController.m */ = {isa = PBXFileReference; lastKnownFileType = sourcecode.c.objc; path = ToolBarViewController.m; sourceTree = "<group>"; };
		D163F7DABA8F5F3123B67C56 /* Pods_zhihuDaily.framework */ = {isa = PBXFileReference; explicitFileType = wrapper.framework; includeInIndex = 0; path = Pods_zhihuDaily.framework; sourceTree = BUILT_PRODUCTS_DIR; };
/* End PBXFileReference section */

/* Begin PBXFrameworksBuildPhase section */
		B04E61A727993B5E000BC6BA /* Frameworks */ = {
			isa = PBXFrameworksBuildPhase;
			buildActionMask = 2147483647;
			files = (
				79BEC57B4D48941229CF3B22 /* Pods_zhihuDaily.framework in Frameworks */,
			);
			runOnlyForDeploymentPostprocessing = 0;
		};
/* End PBXFrameworksBuildPhase section */

/* Begin PBXGroup section */
		5856B2FD48B6BB4C1100DDA8 /* Frameworks */ = {
			isa = PBXGroup;
			children = (
				D163F7DABA8F5F3123B67C56 /* Pods_zhihuDaily.framework */,
			);
			name = Frameworks;
			sourceTree = "<group>";
		};
		9120179878DE509B1E21EE48 /* Pods */ = {
			isa = PBXGroup;
			children = (
				34CA1ECDA1CDBB9CD7E6C407 /* Pods-zhihuDaily.debug.xcconfig */,
				7D7DA57E84982238AC3A316F /* Pods-zhihuDaily.release.xcconfig */,
			);
			path = Pods;
			sourceTree = "<group>";
		};
		B0034DED27A692BF00F6386F /* ViewController */ = {
			isa = PBXGroup;
			children = (
				B04E61B327993B5E000BC6BA /* ViewController.h */,
				B04E61B427993B5E000BC6BA /* ViewController.m */,
				B0034E0227B26BF000F6386F /* BaseViewController.h */,
				B0034E0327B26BF000F6386F /* BaseViewController.m */,
				B0034E0827B6933B00F6386F /* LoginViewController.h */,
				B0034E0927B6933B00F6386F /* LoginViewController.m */,
				B0034E0B27B7A91300F6386F /* NewsViewController.h */,
				B0034E0C27B7A91300F6386F /* NewsViewController.m */,
				B086793627C2010A008702FD /* PersonViewController.h */,
				B086793727C2010A008702FD /* PersonViewController.m */,
				B086794227C3AA1C008702FD /* ToolBarViewController.h */,
				B086794327C3AA1C008702FD /* ToolBarViewController.m */,
			);
			path = ViewController;
			sourceTree = "<group>";
		};
		B03265E5279BB2A600DE90DE /* View */ = {
			isa = PBXGroup;
			children = (
				B03265E6279BB2F100DE90DE /* HMTableViewCell.h */,
				B03265E7279BB2F100DE90DE /* HMTableViewCell.m */,
				B0034E0527B3ACA600F6386F /* BaseScrollView.h */,
				B0034E0627B3ACA600F6386F /* BaseScrollView.m */,
			);
			path = View;
			sourceTree = "<group>";
		};
		B04E61A127993B5E000BC6BA = {
			isa = PBXGroup;
			children = (
				B04E61AC27993B5E000BC6BA /* zhihuDaily */,
				B04E61AB27993B5E000BC6BA /* Products */,
				9120179878DE509B1E21EE48 /* Pods */,
				5856B2FD48B6BB4C1100DDA8 /* Frameworks */,
			);
			sourceTree = "<group>";
		};
		B04E61AB27993B5E000BC6BA /* Products */ = {
			isa = PBXGroup;
			children = (
				B04E61AA27993B5E000BC6BA /* zhihuDaily.app */,
			);
			name = Products;
			sourceTree = "<group>";
		};
		B04E61AC27993B5E000BC6BA /* zhihuDaily */ = {
			isa = PBXGroup;
			children = (
				B0034DED27A692BF00F6386F /* ViewController */,
				B03265E5279BB2A600DE90DE /* View */,
				B04E61D727993DB2000BC6BA /* Tools */,
				B04E61D327993DA6000BC6BA /* Model */,
				B04E61AD27993B5E000BC6BA /* AppDelegate.h */,
				B04E61AE27993B5E000BC6BA /* AppDelegate.m */,
				B04E61B627993B5E000BC6BA /* Main.storyboard */,
				B04E61B927993B5E000BC6BA /* Assets.xcassets */,
				B04E61BB27993B5E000BC6BA /* LaunchScreen.storyboard */,
				B003494F279EFC5000F6386F /* Info.plist */,
				B04E61BF27993B5E000BC6BA /* main.m */,
			);
			path = zhihuDaily;
			sourceTree = "<group>";
		};
		B04E61D327993DA6000BC6BA /* Model */ = {
			isa = PBXGroup;
			children = (
				B04E61D527993DA6000BC6BA /* Model.h */,
				B04E61D427993DA6000BC6BA /* Model.m */,
				B0034E1127BBF2E500F6386F /* Model2.h */,
				B0034E1227BBF2E500F6386F /* Model2.m */,
				B0034955279FD2DF00F6386F /* TopModel.h */,
				B0034956279FD2DF00F6386F /* TopModel.m */,
				B0034E1427BBF4AE00F6386F /* TimeModel.h */,
				B0034E1527BBF4AE00F6386F /* TimeModel.m */,
			);
			path = Model;
			sourceTree = "<group>";
		};
		B04E61D727993DB2000BC6BA /* Tools */ = {
			isa = PBXGroup;
			children = (
				B04E61D927993DB2000BC6BA /* HMNetworkTools.h */,
				B04E61D827993DB2000BC6BA /* HMNetworkTools.m */,
				B086793F27C344E0008702FD /* MBProgressHUDTool.h */,
				B086794027C344E0008702FD /* MBProgressHUDTool.m */,
			);
			path = Tools;
			sourceTree = "<group>";
		};
/* End PBXGroup section */

/* Begin PBXNativeTarget section */
		B04E61A927993B5E000BC6BA /* zhihuDaily */ = {
			isa = PBXNativeTarget;
			buildConfigurationList = B04E61C327993B5E000BC6BA /* Build configuration list for PBXNativeTarget "zhihuDaily" */;
			buildPhases = (
				3488A2175004AFF17A017E66 /* [CP] Check Pods Manifest.lock */,
				B04E61A627993B5E000BC6BA /* Sources */,
				B04E61A727993B5E000BC6BA /* Frameworks */,
				B04E61A827993B5E000BC6BA /* Resources */,
				2E5FE50B87BE4C0A5AC927A0 /* [CP] Embed Pods Frameworks */,
			);
			buildRules = (
			);
			dependencies = (
			);
			name = zhihuDaily;
			productName = zhihuDaily;
			productReference = B04E61AA27993B5E000BC6BA /* zhihuDaily.app */;
			productType = "com.apple.product-type.application";
		};
/* End PBXNativeTarget section */

/* Begin PBXProject section */
		B04E61A227993B5E000BC6BA /* Project object */ = {
			isa = PBXProject;
			attributes = {
				BuildIndependentTargetsInParallel = 1;
				LastUpgradeCheck = 1320;
				TargetAttributes = {
					B04E61A927993B5E000BC6BA = {
						CreatedOnToolsVersion = 13.2.1;
					};
				};
			};
			buildConfigurationList = B04E61A527993B5E000BC6BA /* Build configuration list for PBXProject "zhihuDaily" */;
			compatibilityVersion = "Xcode 13.0";
			developmentRegion = en;
			hasScannedForEncodings = 0;
			knownRegions = (
				en,
				Base,
			);
			mainGroup = B04E61A127993B5E000BC6BA;
			productRefGroup = B04E61AB27993B5E000BC6BA /* Products */;
			projectDirPath = "";
			projectRoot = "";
			targets = (
				B04E61A927993B5E000BC6BA /* zhihuDaily */,
			);
		};
/* End PBXProject section */

/* Begin PBXResourcesBuildPhase section */
		B04E61A827993B5E000BC6BA /* Resources */ = {
			isa = PBXResourcesBuildPhase;
			buildActionMask = 2147483647;
			files = (
				B04E61BD27993B5E000BC6BA /* LaunchScreen.storyboard in Resources */,
				B04E61BA27993B5E000BC6BA /* Assets.xcassets in Resources */,
				B04E61B827993B5E000BC6BA /* Main.storyboard in Resources */,
			);
			runOnlyForDeploymentPostprocessing = 0;
		};
/* End PBXResourcesBuildPhase section */

/* Begin PBXShellScriptBuildPhase section */
		2E5FE50B87BE4C0A5AC927A0 /* [CP] Embed Pods Frameworks */ = {
			isa = PBXShellScriptBuildPhase;
			buildActionMask = 2147483647;
			files = (
			);
			inputFileListPaths = (
				"${PODS_ROOT}/Target Support Files/Pods-zhihuDaily/Pods-zhihuDaily-frameworks-${CONFIGURATION}-input-files.xcfilelist",
			);
			name = "[CP] Embed Pods Frameworks";
			outputFileListPaths = (
				"${PODS_ROOT}/Target Support Files/Pods-zhihuDaily/Pods-zhihuDaily-frameworks-${CONFIGURATION}-output-files.xcfilelist",
			);
			runOnlyForDeploymentPostprocessing = 0;
			shellPath = /bin/sh;
			shellScript = "\"${PODS_ROOT}/Target Support Files/Pods-zhihuDaily/Pods-zhihuDaily-frameworks.sh\"\n";
			showEnvVarsInLog = 0;
		};
		3488A2175004AFF17A017E66 /* [CP] Check Pods Manifest.lock */ = {
			isa = PBXShellScriptBuildPhase;
			buildActionMask = 2147483647;
			files = (
			);
			inputFileListPaths = (
			);
			inputPaths = (
				"${PODS_PODFILE_DIR_PATH}/Podfile.lock",
				"${PODS_ROOT}/Manifest.lock",
			);
			name = "[CP] Check Pods Manifest.lock";
			outputFileListPaths = (
			);
			outputPaths = (
				"$(DERIVED_FILE_DIR)/Pods-zhihuDaily-checkManifestLockResult.txt",
			);
			runOnlyForDeploymentPostprocessing = 0;
			shellPath = /bin/sh;
			shellScript = "diff \"${PODS_PODFILE_DIR_PATH}/Podfile.lock\" \"${PODS_ROOT}/Manifest.lock\" > /dev/null\nif [ $? != 0 ] ; then\n    # print error to STDERR\n    echo \"error: The sandbox is not in sync with the Podfile.lock. Run 'pod install' or update your CocoaPods installation.\" >&2\n    exit 1\nfi\n# This output is used by Xcode 'outputs' to avoid re-running this script phase.\necho \"SUCCESS\" > \"${SCRIPT_OUTPUT_FILE_0}\"\n";
			showEnvVarsInLog = 0;
		};
/* End PBXShellScriptBuildPhase section */

/* Begin PBXSourcesBuildPhase section */
		B04E61A627993B5E000BC6BA /* Sources */ = {
			isa = PBXSourcesBuildPhase;
			buildActionMask = 2147483647;
			files = (
				B04E61B527993B5E000BC6BA /* ViewController.m in Sources */,
				B086794127C344E0008702FD /* MBProgressHUDTool.m in Sources */,
				B0034E0427B26BF000F6386F /* BaseViewController.m in Sources */,
				B0034E1327BBF2E500F6386F /* Model2.m in Sources */,
				B04E61DA27993DB2000BC6BA /* HMNetworkTools.m in Sources */,
				B04E61AF27993B5E000BC6BA /* AppDelegate.m in Sources */,
				B0034E1627BBF4AE00F6386F /* TimeModel.m in Sources */,
				B0034957279FD2DF00F6386F /* TopModel.m in Sources */,
				B0034E0727B3ACA600F6386F /* BaseScrollView.m in Sources */,
				B0034E0A27B6933B00F6386F /* LoginViewController.m in Sources */,
				B086793827C2010A008702FD /* PersonViewController.m in Sources */,
				B03265E8279BB2F100DE90DE /* HMTableViewCell.m in Sources */,
				B04E61C027993B5E000BC6BA /* main.m in Sources */,
				B04E61D627993DA6000BC6BA /* Model.m in Sources */,
				B0034E0D27B7A91300F6386F /* NewsViewController.m in Sources */,
				B086794427C3AA1C008702FD /* ToolBarViewController.m in Sources */,
			);
			runOnlyForDeploymentPostprocessing = 0;
		};
/* End PBXSourcesBuildPhase section */

/* Begin PBXVariantGroup section */
		B04E61B627993B5E000BC6BA /* Main.storyboard */ = {
			isa = PBXVariantGroup;
			children = (
				B04E61B727993B5E000BC6BA /* Base */,
			);
			name = Main.storyboard;
			sourceTree = "<group>";
		};
		B04E61BB27993B5E000BC6BA /* LaunchScreen.storyboard */ = {
			isa = PBXVariantGroup;
			children = (
				B04E61BC27993B5E000BC6BA /* Base */,
			);
			name = LaunchScreen.storyboard;
			sourceTree = "<group>";
		};
/* End PBXVariantGroup section */

/* Begin XCBuildConfiguration section */
		B04E61C127993B5E000BC6BA /* Debug */ = {
			isa = XCBuildConfiguration;
			buildSettings = {
				ALWAYS_SEARCH_USER_PATHS = NO;
				CLANG_ANALYZER_NONNULL = YES;
				CLANG_ANALYZER_NUMBER_OBJECT_CONVERSION = YES_AGGRESSIVE;
				CLANG_CXX_LANGUAGE_STANDARD = "gnu++17";
				CLANG_CXX_LIBRARY = "libc++";
				CLANG_ENABLE_MODULES = YES;
				CLANG_ENABLE_OBJC_ARC = YES;
				CLANG_ENABLE_OBJC_WEAK = YES;
				CLANG_WARN_BLOCK_CAPTURE_AUTORELEASING = YES;
				CLANG_WARN_BOOL_CONVERSION = YES;
				CLANG_WARN_COMMA = YES;
				CLANG_WARN_CONSTANT_CONVERSION = YES;
				CLANG_WARN_DEPRECATED_OBJC_IMPLEMENTATIONS = YES;
				CLANG_WARN_DIRECT_OBJC_ISA_USAGE = YES_ERROR;
				CLANG_WARN_DOCUMENTATION_COMMENTS = YES;
				CLANG_WARN_EMPTY_BODY = YES;
				CLANG_WARN_ENUM_CONVERSION = YES;
				CLANG_WARN_INFINITE_RECURSION = YES;
				CLANG_WARN_INT_CONVERSION = YES;
				CLANG_WARN_NON_LITERAL_NULL_CONVERSION = YES;
				CLANG_WARN_OBJC_IMPLICIT_RETAIN_SELF = YES;
				CLANG_WARN_OBJC_LITERAL_CONVERSION = YES;
				CLANG_WARN_OBJC_ROOT_CLASS = YES_ERROR;
				CLANG_WARN_QUOTED_INCLUDE_IN_FRAMEWORK_HEADER = YES;
				CLANG_WARN_RANGE_LOOP_ANALYSIS = YES;
				CLANG_WARN_STRICT_PROTOTYPES = YES;
				CLANG_WARN_SUSPICIOUS_MOVE = YES;
				CLANG_WARN_UNGUARDED_AVAILABILITY = YES_AGGRESSIVE;
				CLANG_WARN_UNREACHABLE_CODE = YES;
				CLANG_WARN__DUPLICATE_METHOD_MATCH = YES;
				COPY_PHASE_STRIP = NO;
				DEBUG_INFORMATION_FORMAT = dwarf;
				ENABLE_STRICT_OBJC_MSGSEND = YES;
				ENABLE_TESTABILITY = YES;
				GCC_C_LANGUAGE_STANDARD = gnu11;
				GCC_DYNAMIC_NO_PIC = NO;
				GCC_NO_COMMON_BLOCKS = YES;
				GCC_OPTIMIZATION_LEVEL = 0;
				GCC_PREPROCESSOR_DEFINITIONS = (
					"DEBUG=1",
					"$(inherited)",
				);
				GCC_WARN_64_TO_32_BIT_CONVERSION = YES;
				GCC_WARN_ABOUT_RETURN_TYPE = YES_ERROR;
				GCC_WARN_UNDECLARED_SELECTOR = YES;
				GCC_WARN_UNINITIALIZED_AUTOS = YES_AGGRESSIVE;
				GCC_WARN_UNUSED_FUNCTION = YES;
				GCC_WARN_UNUSED_VARIABLE = YES;
				IPHONEOS_DEPLOYMENT_TARGET = 15.2;
				MTL_ENABLE_DEBUG_INFO = INCLUDE_SOURCE;
				MTL_FAST_MATH = YES;
				ONLY_ACTIVE_ARCH = YES;
				SDKROOT = iphoneos;
			};
			name = Debug;
		};
		B04E61C227993B5E000BC6BA /* Release */ = {
			isa = XCBuildConfiguration;
			buildSettings = {
				ALWAYS_SEARCH_USER_PATHS = NO;
				CLANG_ANALYZER_NONNULL = YES;
				CLANG_ANALYZER_NUMBER_OBJECT_CONVERSION = YES_AGGRESSIVE;
				CLANG_CXX_LANGUAGE_STANDARD = "gnu++17";
				CLANG_CXX_LIBRARY = "libc++";
				CLANG_ENABLE_MODULES = YES;
				CLANG_ENABLE_OBJC_ARC = YES;
				CLANG_ENABLE_OBJC_WEAK = YES;
				CLANG_WARN_BLOCK_CAPTURE_AUTORELEASING = YES;
				CLANG_WARN_BOOL_CONVERSION = YES;
				CLANG_WARN_COMMA = YES;
				CLANG_WARN_CONSTANT_CONVERSION = YES;
				CLANG_WARN_DEPRECATED_OBJC_IMPLEMENTATIONS = YES;
				CLANG_WARN_DIRECT_OBJC_ISA_USAGE = YES_ERROR;
				CLANG_WARN_DOCUMENTATION_COMMENTS = YES;
				CLANG_WARN_EMPTY_BODY = YES;
				CLANG_WARN_ENUM_CONVERSION = YES;
				CLANG_WARN_INFINITE_RECURSION = YES;
				CLANG_WARN_INT_CONVERSION = YES;
				CLANG_WARN_NON_LITERAL_NULL_CONVERSION = YES;
				CLANG_WARN_OBJC_IMPLICIT_RETAIN_SELF = YES;
				CLANG_WARN_OBJC_LITERAL_CONVERSION = YES;
				CLANG_WARN_OBJC_ROOT_CLASS = YES_ERROR;
				CLANG_WARN_QUOTED_INCLUDE_IN_FRAMEWORK_HEADER = YES;
				CLANG_WARN_RANGE_LOOP_ANALYSIS = YES;
				CLANG_WARN_STRICT_PROTOTYPES = YES;
				CLANG_WARN_SUSPICIOUS_MOVE = YES;
				CLANG_WARN_UNGUARDED_AVAILABILITY = YES_AGGRESSIVE;
				CLANG_WARN_UNREACHABLE_CODE = YES;
				CLANG_WARN__DUPLICATE_METHOD_MATCH = YES;
				COPY_PHASE_STRIP = NO;
				DEBUG_INFORMATION_FORMAT = "dwarf-with-dsym";
				ENABLE_NS_ASSERTIONS = NO;
				ENABLE_STRICT_OBJC_MSGSEND = YES;
				GCC_C_LANGUAGE_STANDARD = gnu11;
				GCC_NO_COMMON_BLOCKS = YES;
				GCC_WARN_64_TO_32_BIT_CONVERSION = YES;
				GCC_WARN_ABOUT_RETURN_TYPE = YES_ERROR;
				GCC_WARN_UNDECLARED_SELECTOR = YES;
				GCC_WARN_UNINITIALIZED_AUTOS = YES_AGGRESSIVE;
				GCC_WARN_UNUSED_FUNCTION = YES;
				GCC_WARN_UNUSED_VARIABLE = YES;
				IPHONEOS_DEPLOYMENT_TARGET = 15.2;
				MTL_ENABLE_DEBUG_INFO = NO;
				MTL_FAST_MATH = YES;
				SDKROOT = iphoneos;
				VALIDATE_PRODUCT = YES;
			};
			name = Release;
		};
		B04E61C427993B5E000BC6BA /* Debug */ = {
			isa = XCBuildConfiguration;
			baseConfigurationReference = 34CA1ECDA1CDBB9CD7E6C407 /* Pods-zhihuDaily.debug.xcconfig */;
			buildSettings = {
				ASSETCATALOG_COMPILER_APPICON_NAME = AppIcon;
				ASSETCATALOG_COMPILER_GLOBAL_ACCENT_COLOR_NAME = AccentColor;
				CODE_SIGN_STYLE = Automatic;
				CURRENT_PROJECT_VERSION = 1;
				DEVELOPMENT_TEAM = 8A7TGYQNRC;
				GENERATE_INFOPLIST_FILE = YES;
				INFOPLIST_FILE = zhihuDaily/Info.plist;
				INFOPLIST_KEY_UIApplicationSupportsIndirectInputEvents = YES;
				INFOPLIST_KEY_UILaunchStoryboardName = LaunchScreen;
				INFOPLIST_KEY_UIMainStoryboardFile = Main;
				INFOPLIST_KEY_UISupportedInterfaceOrientations_iPad = "UIInterfaceOrientationPortrait UIInterfaceOrientationPortraitUpsideDown UIInterfaceOrientationLandscapeLeft UIInterfaceOrientationLandscapeRight";
				INFOPLIST_KEY_UISupportedInterfaceOrientations_iPhone = "UIInterfaceOrientationPortrait UIInterfaceOrientationLandscapeLeft UIInterfaceOrientationLandscapeRight";
				LD_RUNPATH_SEARCH_PATHS = (
					"$(inherited)",
					"@executable_path/Frameworks",
				);
				MARKETING_VERSION = 1.0;
				PRODUCT_BUNDLE_IDENTIFIER = Iced.zhihuDaily;
				PRODUCT_NAME = "$(TARGET_NAME)";
				SWIFT_EMIT_LOC_STRINGS = YES;
				TARGETED_DEVICE_FAMILY = "1,2";
			};
			name = Debug;
		};
		B04E61C527993B5E000BC6BA /* Release */ = {
			isa = XCBuildConfiguration;
			baseConfigurationReference = 7D7DA57E84982238AC3A316F /* Pods-zhihuDaily.release.xcconfig */;
			buildSettings = {
				ASSETCATALOG_COMPILER_APPICON_NAME = AppIcon;
				ASSETCATALOG_COMPILER_GLOBAL_ACCENT_COLOR_NAME = AccentColor;
				CODE_SIGN_STYLE = Automatic;
				CURRENT_PROJECT_VERSION = 1;
				DEVELOPMENT_TEAM = 8A7TGYQNRC;
				GENERATE_INFOPLIST_FILE = YES;
				INFOPLIST_FILE = zhihuDaily/Info.plist;
				INFOPLIST_KEY_UIApplicationSupportsIndirectInputEvents = YES;
				INFOPLIST_KEY_UILaunchStoryboardName = LaunchScreen;
				INFOPLIST_KEY_UIMainStoryboardFile = Main;
				INFOPLIST_KEY_UISupportedInterfaceOrientations_iPad = "UIInterfaceOrientationPortrait UIInterfaceOrientationPortraitUpsideDown UIInterfaceOrientationLandscapeLeft UIInterfaceOrientationLandscapeRight";
				INFOPLIST_KEY_UISupportedInterfaceOrientations_iPhone = "UIInterfaceOrientationPortrait UIInterfaceOrientationLandscapeLeft UIInterfaceOrientationLandscapeRight";
				LD_RUNPATH_SEARCH_PATHS = (
					"$(inherited)",
					"@executable_path/Frameworks",
				);
				MARKETING_VERSION = 1.0;
				PRODUCT_BUNDLE_IDENTIFIER = Iced.zhihuDaily;
				PRODUCT_NAME = "$(TARGET_NAME)";
				SWIFT_EMIT_LOC_STRINGS = YES;
				TARGETED_DEVICE_FAMILY = "1,2";
			};
			name = Release;
		};
/* End XCBuildConfiguration section */

/* Begin XCConfigurationList section */
		B04E61A527993B5E000BC6BA /* Build configuration list for PBXProject "zhihuDaily" */ = {
			isa = XCConfigurationList;
			buildConfigurations = (
				B04E61C127993B5E000BC6BA /* Debug */,
				B04E61C227993B5E000BC6BA /* Release */,
			);
			defaultConfigurationIsVisible = 0;
			defaultConfigurationName = Release;
		};
		B04E61C327993B5E000BC6BA /* Build configuration list for PBXNativeTarget "zhihuDaily" */ = {
			isa = XCConfigurationList;
			buildConfigurations = (
				B04E61C427993B5E000BC6BA /* Debug */,
				B04E61C527993B5E000BC6BA /* Release */,
			);
			defaultConfigurationIsVisible = 0;
			defaultConfigurationName = Release;
		};
/* End XCConfigurationList section */
	};
	rootObject = B04E61A227993B5E000BC6BA /* Project object */;
}
